// !$*UTF8*$!
{
	archiveVersion = 1;
	classes = {
	};
	objectVersion = 54;
	objects = {

/* Begin PBXBuildFile section */
		01D7755129FD1A0411608CD8 /* NotificationService.swift in Sources */ = {isa = PBXBuildFile; fileRef = 679ABDAE75B1BE836AD2CF93 /* NotificationService.swift */; };
		02E424730252B4B671CCFC5E /* KaleMacApp.swift in Sources */ = {isa = PBXBuildFile; fileRef = 28E1A7C21E6CEC1B5589F522 /* KaleMacApp.swift */; };
		0B91FF992108FBF8F286E434 /* TodayView.swift in Sources */ = {isa = PBXBuildFile; fileRef = 5231358D43AE5A2BAD452473 /* TodayView.swift */; };
		117E1FCBBE6C977CDA65D9CF /* MacKaleView.swift in Sources */ = {isa = PBXBuildFile; fileRef = 2536B7E9B7BF3F21C40ABD7F /* MacKaleView.swift */; };
		150F5F87D1A7F8B4D8AB23EE /* VitaminHistoryView.swift in Sources */ = {isa = PBXBuildFile; fileRef = F5BE344194ED5DAC0AB09B0B /* VitaminHistoryView.swift */; };
		188C1F3E76311711E97CC41D /* Vitamin.swift in Sources */ = {isa = PBXBuildFile; fileRef = 073247B7C18866170D14B6EF /* Vitamin.swift */; };
		19A86739BBAF37B4EFAC0162 /* AppStoreContent.swift in Sources */ = {isa = PBXBuildFile; fileRef = 77CAA1517857CBA0C8E4E43E /* AppStoreContent.swift */; };
		2213E524715718B3E98EDA1F /* KaleTests.swift in Sources */ = {isa = PBXBuildFile; fileRef = B497F4E3F0DAC04B5FF86B8D /* KaleTests.swift */; };
		3092B276A83F2A4641CDB4B7 /* SharedComponents.swift in Sources */ = {isa = PBXBuildFile; fileRef = 6D020778B3A2ABBA8A450B96 /* SharedComponents.swift */; };
		39E4A9270F3B85AC15A639B3 /* DatabaseService.swift in Sources */ = {isa = PBXBuildFile; fileRef = E80EC5A66D727A7DCD84C9C6 /* DatabaseService.swift */; };
		3C9E0458ADEE15BB65B66191 /* InteractionHints.swift in Sources */ = {isa = PBXBuildFile; fileRef = 6C28C4DB62AAEDE752BE866C /* InteractionHints.swift */; };
		3D669CD0099F8B805BB39FD7 /* ContentView.swift in Sources */ = {isa = PBXBuildFile; fileRef = 52D17498D844C152870E6895 /* ContentView.swift */; };
		45B43B9576926456A4275FC9 /* DailyLog.swift in Sources */ = {isa = PBXBuildFile; fileRef = 09671F9B108BE37E8F9EA81B /* DailyLog.swift */; };
		48A3253748DC3B886AAE7BAB /* InteractionHintToast.swift in Sources */ = {isa = PBXBuildFile; fileRef = 40572970EA27E5F51978200D /* InteractionHintToast.swift */; };
		5C505A971A0B1B7C2507BCFB /* PricingView.swift in Sources */ = {isa = PBXBuildFile; fileRef = AA168765C2B22C19C1257F3F /* PricingView.swift */; };
		634572440EFA73DC01D8351E /* VitaminIntelligenceService.swift in Sources */ = {isa = PBXBuildFile; fileRef = D803C9256B1275704BCA2230 /* VitaminIntelligenceService.swift */; };
		6845A7919A3AD4B5EF2C328A /* BarcodeDatabase.json in Resources */ = {isa = PBXBuildFile; fileRef = CE5962FB7D5DDE73CD9336EC /* BarcodeDatabase.json */; };
		6CAB1696B44A6D8A15EA2CD0 /* EventKit.framework in Frameworks */ = {isa = PBXBuildFile; fileRef = 02DCF100EC88ACDA67078D7C /* EventKit.framework */; };
		6E1922D2700EF88EF8F57F3A /* HealthInsightsView.swift in Sources */ = {isa = PBXBuildFile; fileRef = 786BBD1DA6B963CF3454A7DA /* HealthInsightsView.swift */; };
		7FE3CCD0ECC9389DF3160D6D /* FamilyComparisonView.swift in Sources */ = {isa = PBXBuildFile; fileRef = E07F5DADA3DDB5F5A44367EF /* FamilyComparisonView.swift */; };
		80CFB490DA55AE3A7D714BAB /* KaleApp.swift in Sources */ = {isa = PBXBuildFile; fileRef = 64EC4AB6B19E4CA6D2590EE7 /* KaleApp.swift */; };
		87F31DD5E31AF8DDABF39B94 /* WidgetDataService.swift in Sources */ = {isa = PBXBuildFile; fileRef = DF79BF830187B3A3DD5DC2C3 /* WidgetDataService.swift */; };
		9665DE79F1C787F3F5AB2533 /* ErrorStateViews.swift in Sources */ = {isa = PBXBuildFile; fileRef = 32BA85C371BC82EF87930180 /* ErrorStateViews.swift */; };
		98A2153FE406ED6FA700F371 /* SubscriptionManager.swift in Sources */ = {isa = PBXBuildFile; fileRef = 6CF97241F7346EBD55F95FC0 /* SubscriptionManager.swift */; };
		99DC0EC08288505DAF646A1B /* KaleWidget.swift in Sources */ = {isa = PBXBuildFile; fileRef = 3FC061D59370BB7DD44D78B6 /* KaleWidget.swift */; };
		9DBBB1602FE844F284B9126E /* VitaminCard.swift in Sources */ = {isa = PBXBuildFile; fileRef = A1C4F9331E9675687551D4DB /* VitaminCard.swift */; };
		A32CCE2BBDAF05CD6AFA097E /* CommunityView.swift in Sources */ = {isa = PBXBuildFile; fileRef = 08328FB908B5E5A24FCD2AC0 /* CommunityView.swift */; };
		A6905A3878AE27ED7EB8B15D /* OnboardingView.swift in Sources */ = {isa = PBXBuildFile; fileRef = B75E6F605B0BEDBACDBDD565 /* OnboardingView.swift */; };
		A96776594D7A375B4AF78333 /* BarcodeService.swift in Sources */ = {isa = PBXBuildFile; fileRef = 19BA6E2EF7E97BC859B16757 /* BarcodeService.swift */; };
		BA4185F61B0D05C4480B63CB /* MonthlyView.swift in Sources */ = {isa = PBXBuildFile; fileRef = 19E69B74C6B1770D6CE70C8A /* MonthlyView.swift */; };
		BC941A5D1AC6B35476052E16 /* SQLite in Frameworks */ = {isa = PBXBuildFile; productRef = B5994D9444CAE64EC4FEB9F3 /* SQLite */; };
		BDD58ED920CE154CCEA7AB4D /* FamilyMember.swift in Sources */ = {isa = PBXBuildFile; fileRef = 7241BE14F284A495E0D7AA64 /* FamilyMember.swift */; };
		CA351A599436C20ECFCC5337 /* SQLite in Frameworks */ = {isa = PBXBuildFile; productRef = 292504F60975114BE2AE8DC6 /* SQLite */; };
		CB255028FDEE13AD1156619B /* FamilyService.swift in Sources */ = {isa = PBXBuildFile; fileRef = 2C3981A744BBA7EF18945EBB /* FamilyService.swift */; };
		E0355A6B4C9DBEF1E3F1F453 /* AddVitaminView.swift in Sources */ = {isa = PBXBuildFile; fileRef = 5947751A8E3891760751F69D /* AddVitaminView.swift */; };
		EAA887D28376EF76D260024D /* CalendarService.swift in Sources */ = {isa = PBXBuildFile; fileRef = 82DF98F8A31C266323583A41 /* CalendarService.swift */; };
		EC15FF474779126ACE75481D /* KaleWidgetBundle.swift in Sources */ = {isa = PBXBuildFile; fileRef = 99CCBA62A26FD8BD739DAE0F /* KaleWidgetBundle.swift */; };
		F4E5C029063A3BF1DB6786DA /* ColorExtensions.swift in Sources */ = {isa = PBXBuildFile; fileRef = BA64560B0286C658EFB62FA9 /* ColorExtensions.swift */; };
		F7CAF5D504DD280FB455C4CD /* HealthInsightsService.swift in Sources */ = {isa = PBXBuildFile; fileRef = D15F7865D55A1A3D9133B563 /* HealthInsightsService.swift */; };
		F8A5695AE949E0F3F79806A9 /* CommunityService.swift in Sources */ = {isa = PBXBuildFile; fileRef = 848CF8E47C17E679E71B3BA7 /* CommunityService.swift */; };
		FAF92B260D9F379C71C9D150 /* SettingsView.swift in Sources */ = {isa = PBXBuildFile; fileRef = 710C16DA190DDDBC9A2045C6 /* SettingsView.swift */; };
		FBC8F53059EA91F362503482 /* LowStockAlertView.swift in Sources */ = {isa = PBXBuildFile; fileRef = 4A44B266C0F83E6DD1FDBB39 /* LowStockAlertView.swift */; };
		FC5A89CBC3145AB1A19D513E /* Assets.xcassets in Resources */ = {isa = PBXBuildFile; fileRef = 3DC678177BD5FDEAEADB761F /* Assets.xcassets */; };
		FC6A955C730D9810C3B21240 /* FamilyManagementView.swift in Sources */ = {isa = PBXBuildFile; fileRef = 40D1C33B163C28B508E71AE6 /* FamilyManagementView.swift */; };
/* End PBXBuildFile section */

/* Begin PBXContainerItemProxy section */
		ADCB9DF100B41FC937A656F3 /* PBXContainerItemProxy */ = {
			isa = PBXContainerItemProxy;
			containerPortal = 2F45CFCAA93C7D96A1EAD900 /* Project object */;
			proxyType = 1;
			remoteGlobalIDString = 678DBA7851E795B6D11BBF9F;
			remoteInfo = Kale;
		};
		BCCC10C97D951CFCB89D837A /* PBXContainerItemProxy */ = {
			isa = PBXContainerItemProxy;
			containerPortal = 2F45CFCAA93C7D96A1EAD900 /* Project object */;
			proxyType = 1;
			remoteGlobalIDString = 678DBA7851E795B6D11BBF9F;
			remoteInfo = Kale;
		};
/* End PBXContainerItemProxy section */

/* Begin PBXFileReference section */
		02DCF100EC88ACDA67078D7C /* EventKit.framework */ = {isa = PBXFileReference; lastKnownFileType = wrapper.framework; path = EventKit.framework; sourceTree = "<group>"; };
		073247B7C18866170D14B6EF /* Vitamin.swift */ = {isa = PBXFileReference; lastKnownFileType = sourcecode.swift; path = Vitamin.swift; sourceTree = "<group>"; };
		08328FB908B5E5A24FCD2AC0 /* CommunityView.swift */ = {isa = PBXFileReference; lastKnownFileType = sourcecode.swift; path = CommunityView.swift; sourceTree = "<group>"; };
		09671F9B108BE37E8F9EA81B /* DailyLog.swift */ = {isa = PBXFileReference; lastKnownFileType = sourcecode.swift; path = DailyLog.swift; sourceTree = "<group>"; };
		19BA6E2EF7E97BC859B16757 /* BarcodeService.swift */ = {isa = PBXFileReference; lastKnownFileType = sourcecode.swift; path = BarcodeService.swift; sourceTree = "<group>"; };
		19E69B74C6B1770D6CE70C8A /* MonthlyView.swift */ = {isa = PBXFileReference; lastKnownFileType = sourcecode.swift; path = MonthlyView.swift; sourceTree = "<group>"; };
		2536B7E9B7BF3F21C40ABD7F /* MacKaleView.swift */ = {isa = PBXFileReference; lastKnownFileType = sourcecode.swift; path = MacKaleView.swift; sourceTree = "<group>"; };
		28E1A7C21E6CEC1B5589F522 /* KaleMacApp.swift */ = {isa = PBXFileReference; lastKnownFileType = sourcecode.swift; path = KaleMacApp.swift; sourceTree = "<group>"; };
		2C3981A744BBA7EF18945EBB /* FamilyService.swift */ = {isa = PBXFileReference; lastKnownFileType = sourcecode.swift; path = FamilyService.swift; sourceTree = "<group>"; };
		2D5E2FD1887016DBBE7D2AF3 /* Info.plist */ = {isa = PBXFileReference; lastKnownFileType = text.plist; path = Info.plist; sourceTree = "<group>"; };
		32BA85C371BC82EF87930180 /* ErrorStateViews.swift */ = {isa = PBXFileReference; lastKnownFileType = sourcecode.swift; path = ErrorStateViews.swift; sourceTree = "<group>"; };
		362C4223596FCC9169AF058E /* Info.plist */ = {isa = PBXFileReference; lastKnownFileType = text.plist; path = Info.plist; sourceTree = "<group>"; };
		3B103AA9AAADBDB9E131D36A /* KaleWidget.appex */ = {isa = PBXFileReference; includeInIndex = 0; lastKnownFileType = "wrapper.app-extension"; path = KaleWidget.appex; sourceTree = BUILT_PRODUCTS_DIR; };
		3DC678177BD5FDEAEADB761F /* Assets.xcassets */ = {isa = PBXFileReference; lastKnownFileType = folder.assetcatalog; path = Assets.xcassets; sourceTree = "<group>"; };
		3FC061D59370BB7DD44D78B6 /* KaleWidget.swift */ = {isa = PBXFileReference; lastKnownFileType = sourcecode.swift; path = KaleWidget.swift; sourceTree = "<group>"; };
		40572970EA27E5F51978200D /* InteractionHintToast.swift */ = {isa = PBXFileReference; lastKnownFileType = sourcecode.swift; path = InteractionHintToast.swift; sourceTree = "<group>"; };
		40D1C33B163C28B508E71AE6 /* FamilyManagementView.swift */ = {isa = PBXFileReference; lastKnownFileType = sourcecode.swift; path = FamilyManagementView.swift; sourceTree = "<group>"; };
		4A44B266C0F83E6DD1FDBB39 /* LowStockAlertView.swift */ = {isa = PBXFileReference; lastKnownFileType = sourcecode.swift; path = LowStockAlertView.swift; sourceTree = "<group>"; };
		5231358D43AE5A2BAD452473 /* TodayView.swift */ = {isa = PBXFileReference; lastKnownFileType = sourcecode.swift; path = TodayView.swift; sourceTree = "<group>"; };
		52D17498D844C152870E6895 /* ContentView.swift */ = {isa = PBXFileReference; lastKnownFileType = sourcecode.swift; path = ContentView.swift; sourceTree = "<group>"; };
		5947751A8E3891760751F69D /* AddVitaminView.swift */ = {isa = PBXFileReference; lastKnownFileType = sourcecode.swift; path = AddVitaminView.swift; sourceTree = "<group>"; };
		64EC4AB6B19E4CA6D2590EE7 /* KaleApp.swift */ = {isa = PBXFileReference; lastKnownFileType = sourcecode.swift; path = KaleApp.swift; sourceTree = "<group>"; };
		679ABDAE75B1BE836AD2CF93 /* NotificationService.swift */ = {isa = PBXFileReference; lastKnownFileType = sourcecode.swift; path = NotificationService.swift; sourceTree = "<group>"; };
		6C28C4DB62AAEDE752BE866C /* InteractionHints.swift */ = {isa = PBXFileReference; lastKnownFileType = sourcecode.swift; path = InteractionHints.swift; sourceTree = "<group>"; };
		6CF97241F7346EBD55F95FC0 /* SubscriptionManager.swift */ = {isa = PBXFileReference; lastKnownFileType = sourcecode.swift; path = SubscriptionManager.swift; sourceTree = "<group>"; };
		6D020778B3A2ABBA8A450B96 /* SharedComponents.swift */ = {isa = PBXFileReference; lastKnownFileType = sourcecode.swift; path = SharedComponents.swift; sourceTree = "<group>"; };
		710C16DA190DDDBC9A2045C6 /* SettingsView.swift */ = {isa = PBXFileReference; lastKnownFileType = sourcecode.swift; path = SettingsView.swift; sourceTree = "<group>"; };
		7241BE14F284A495E0D7AA64 /* FamilyMember.swift */ = {isa = PBXFileReference; lastKnownFileType = sourcecode.swift; path = FamilyMember.swift; sourceTree = "<group>"; };
		7653916B07A8E9A6E69229C0 /* KaleWidget.entitlements */ = {isa = PBXFileReference; lastKnownFileType = text.plist.entitlements; path = KaleWidget.entitlements; sourceTree = "<group>"; };
		77CAA1517857CBA0C8E4E43E /* AppStoreContent.swift */ = {isa = PBXFileReference; lastKnownFileType = sourcecode.swift; path = AppStoreContent.swift; sourceTree = "<group>"; };
		786BBD1DA6B963CF3454A7DA /* HealthInsightsView.swift */ = {isa = PBXFileReference; lastKnownFileType = sourcecode.swift; path = HealthInsightsView.swift; sourceTree = "<group>"; };
		82DF98F8A31C266323583A41 /* CalendarService.swift */ = {isa = PBXFileReference; lastKnownFileType = sourcecode.swift; path = CalendarService.swift; sourceTree = "<group>"; };
		841F3497490BF34D79E0C950 /* Kale.entitlements */ = {isa = PBXFileReference; lastKnownFileType = text.plist.entitlements; path = Kale.entitlements; sourceTree = "<group>"; };
		848CF8E47C17E679E71B3BA7 /* CommunityService.swift */ = {isa = PBXFileReference; lastKnownFileType = sourcecode.swift; path = CommunityService.swift; sourceTree = "<group>"; };
		99CCBA62A26FD8BD739DAE0F /* KaleWidgetBundle.swift */ = {isa = PBXFileReference; lastKnownFileType = sourcecode.swift; path = KaleWidgetBundle.swift; sourceTree = "<group>"; };
		9B4D13F1230773B4929BFA20 /* Kale.app */ = {isa = PBXFileReference; includeInIndex = 0; lastKnownFileType = wrapper.application; path = Kale.app; sourceTree = BUILT_PRODUCTS_DIR; };
		A1C4F9331E9675687551D4DB /* VitaminCard.swift */ = {isa = PBXFileReference; lastKnownFileType = sourcecode.swift; path = VitaminCard.swift; sourceTree = "<group>"; };
		AA168765C2B22C19C1257F3F /* PricingView.swift */ = {isa = PBXFileReference; lastKnownFileType = sourcecode.swift; path = PricingView.swift; sourceTree = "<group>"; };
		B497F4E3F0DAC04B5FF86B8D /* KaleTests.swift */ = {isa = PBXFileReference; lastKnownFileType = sourcecode.swift; path = KaleTests.swift; sourceTree = "<group>"; };
		B75E6F605B0BEDBACDBDD565 /* OnboardingView.swift */ = {isa = PBXFileReference; lastKnownFileType = sourcecode.swift; path = OnboardingView.swift; sourceTree = "<group>"; };
		BA64560B0286C658EFB62FA9 /* ColorExtensions.swift */ = {isa = PBXFileReference; lastKnownFileType = sourcecode.swift; path = ColorExtensions.swift; sourceTree = "<group>"; };
		BAC484326A44D590575C3155 /* KaleMac.app */ = {isa = PBXFileReference; explicitFileType = wrapper.application; includeInIndex = 0; path = KaleMac.app; sourceTree = BUILT_PRODUCTS_DIR; };
		CB3B4469FA47726D2B49405C /* Info.plist */ = {isa = PBXFileReference; lastKnownFileType = text.plist; path = Info.plist; sourceTree = "<group>"; };
		CE5962FB7D5DDE73CD9336EC /* BarcodeDatabase.json */ = {isa = PBXFileReference; lastKnownFileType = text.json; path = BarcodeDatabase.json; sourceTree = "<group>"; };
		CF1341227DFA5E5D0F87DBDB /* KaleTests.xctest */ = {isa = PBXFileReference; includeInIndex = 0; lastKnownFileType = wrapper.cfbundle; path = KaleTests.xctest; sourceTree = BUILT_PRODUCTS_DIR; };
		D15F7865D55A1A3D9133B563 /* HealthInsightsService.swift */ = {isa = PBXFileReference; lastKnownFileType = sourcecode.swift; path = HealthInsightsService.swift; sourceTree = "<group>"; };
		D803C9256B1275704BCA2230 /* VitaminIntelligenceService.swift */ = {isa = PBXFileReference; lastKnownFileType = sourcecode.swift; path = VitaminIntelligenceService.swift; sourceTree = "<group>"; };
		D9C88F29AFCE74DE003FD6FD /* Info.plist */ = {isa = PBXFileReference; lastKnownFileType = text.plist; path = Info.plist; sourceTree = "<group>"; };
		DF79BF830187B3A3DD5DC2C3 /* WidgetDataService.swift */ = {isa = PBXFileReference; lastKnownFileType = sourcecode.swift; path = WidgetDataService.swift; sourceTree = "<group>"; };
		E07F5DADA3DDB5F5A44367EF /* FamilyComparisonView.swift */ = {isa = PBXFileReference; lastKnownFileType = sourcecode.swift; path = FamilyComparisonView.swift; sourceTree = "<group>"; };
		E80EC5A66D727A7DCD84C9C6 /* DatabaseService.swift */ = {isa = PBXFileReference; lastKnownFileType = sourcecode.swift; path = DatabaseService.swift; sourceTree = "<group>"; };
		EFED90B983FD838902EBC4DA /* KaleMac.entitlements */ = {isa = PBXFileReference; lastKnownFileType = text.plist.entitlements; path = KaleMac.entitlements; sourceTree = "<group>"; };
		F5BE344194ED5DAC0AB09B0B /* VitaminHistoryView.swift */ = {isa = PBXFileReference; lastKnownFileType = sourcecode.swift; path = VitaminHistoryView.swift; sourceTree = "<group>"; };
/* End PBXFileReference section */

/* Begin PBXFrameworksBuildPhase section */
		B445FAF06B595FC49F08B1AC /* Frameworks */ = {
			isa = PBXFrameworksBuildPhase;
			buildActionMask = 2147483647;
			files = (
				CA351A599436C20ECFCC5337 /* SQLite in Frameworks */,
			);
			runOnlyForDeploymentPostprocessing = 0;
		};
		C3CC0CEA9C1E1646D6E88FA7 /* Frameworks */ = {
			isa = PBXFrameworksBuildPhase;
			buildActionMask = 2147483647;
			files = (
				BC941A5D1AC6B35476052E16 /* SQLite in Frameworks */,
				6CAB1696B44A6D8A15EA2CD0 /* EventKit.framework in Frameworks */,
			);
			runOnlyForDeploymentPostprocessing = 0;
		};
/* End PBXFrameworksBuildPhase section */

/* Begin PBXGroup section */
		00ACC599A876B69C9DBC2CE7 /* Onboarding */ = {
			isa = PBXGroup;
			children = (
				B75E6F605B0BEDBACDBDD565 /* OnboardingView.swift */,
			);
			path = Onboarding;
			sourceTree = "<group>";
		};
		05CA40595B7CEC2EF0D2D7B4 /* Widgets */ = {
			isa = PBXGroup;
			children = (
				CB3B4469FA47726D2B49405C /* Info.plist */,
				7653916B07A8E9A6E69229C0 /* KaleWidget.entitlements */,
				3FC061D59370BB7DD44D78B6 /* KaleWidget.swift */,
				99CCBA62A26FD8BD739DAE0F /* KaleWidgetBundle.swift */,
			);
			name = Widgets;
			path = Sources/Widgets;
			sourceTree = "<group>";
		};
		087A68C24D6AD77ECA01B5EB /* App */ = {
			isa = PBXGroup;
			children = (
				BA64560B0286C658EFB62FA9 /* ColorExtensions.swift */,
				52D17498D844C152870E6895 /* ContentView.swift */,
				64EC4AB6B19E4CA6D2590EE7 /* KaleApp.swift */,
			);
			path = App;
			sourceTree = "<group>";
		};
		097BC8000CCCA5673320A976 = {
			isa = PBXGroup;
			children = (
				6DF4736C92B827A6DBB4F4E5 /* Resources */,
				7B0CA406033549E8994ADFC2 /* Sources */,
				7F65AF5A60B9CFE54271FC60 /* Sources */,
				2FEA9CF6239EC748E61D22E7 /* SourcesTests */,
				05CA40595B7CEC2EF0D2D7B4 /* Widgets */,
				BAFDA823C55CFD79FE277577 /* Frameworks */,
				59317E171A85ED26CDA3D6E7 /* Products */,
			);
			sourceTree = "<group>";
		};
		0988A50CC5EF3FE0335904F6 /* Components */ = {
			isa = PBXGroup;
			children = (
				32BA85C371BC82EF87930180 /* ErrorStateViews.swift */,
				E07F5DADA3DDB5F5A44367EF /* FamilyComparisonView.swift */,
				40D1C33B163C28B508E71AE6 /* FamilyManagementView.swift */,
				40572970EA27E5F51978200D /* InteractionHintToast.swift */,
				4A44B266C0F83E6DD1FDBB39 /* LowStockAlertView.swift */,
				6D020778B3A2ABBA8A450B96 /* SharedComponents.swift */,
				A1C4F9331E9675687551D4DB /* VitaminCard.swift */,
				F5BE344194ED5DAC0AB09B0B /* VitaminHistoryView.swift */,
			);
			path = Components;
			sourceTree = "<group>";
		};
		2FEA9CF6239EC748E61D22E7 /* SourcesTests */ = {
			isa = PBXGroup;
			children = (
				362C4223596FCC9169AF058E /* Info.plist */,
				B497F4E3F0DAC04B5FF86B8D /* KaleTests.swift */,
			);
			path = SourcesTests;
			sourceTree = "<group>";
		};
		3B65C1652D0A40D548BD3D07 /* Resources */ = {
			isa = PBXGroup;
			children = (
				77CAA1517857CBA0C8E4E43E /* AppStoreContent.swift */,
				3DC678177BD5FDEAEADB761F /* Assets.xcassets */,
				CE5962FB7D5DDE73CD9336EC /* BarcodeDatabase.json */,
				2D5E2FD1887016DBBE7D2AF3 /* Info.plist */,
				841F3497490BF34D79E0C950 /* Kale.entitlements */,
			);
			path = Resources;
			sourceTree = "<group>";
		};
		59317E171A85ED26CDA3D6E7 /* Products */ = {
			isa = PBXGroup;
			children = (
				9B4D13F1230773B4929BFA20 /* Kale.app */,
				BAC484326A44D590575C3155 /* KaleMac.app */,
				CF1341227DFA5E5D0F87DBDB /* KaleTests.xctest */,
				3B103AA9AAADBDB9E131D36A /* KaleWidget.appex */,
			);
			name = Products;
			sourceTree = "<group>";
		};
		6678EB91C5B1DFA48BC12842 /* Models */ = {
			isa = PBXGroup;
			children = (
				09671F9B108BE37E8F9EA81B /* DailyLog.swift */,
				7241BE14F284A495E0D7AA64 /* FamilyMember.swift */,
				6C28C4DB62AAEDE752BE866C /* InteractionHints.swift */,
				073247B7C18866170D14B6EF /* Vitamin.swift */,
			);
			path = Models;
			sourceTree = "<group>";
		};
		6D6CEA5D554A8F5EA9B110CA /* Services */ = {
			isa = PBXGroup;
			children = (
				19BA6E2EF7E97BC859B16757 /* BarcodeService.swift */,
				82DF98F8A31C266323583A41 /* CalendarService.swift */,
				848CF8E47C17E679E71B3BA7 /* CommunityService.swift */,
				E80EC5A66D727A7DCD84C9C6 /* DatabaseService.swift */,
				2C3981A744BBA7EF18945EBB /* FamilyService.swift */,
				D15F7865D55A1A3D9133B563 /* HealthInsightsService.swift */,
				679ABDAE75B1BE836AD2CF93 /* NotificationService.swift */,
				6CF97241F7346EBD55F95FC0 /* SubscriptionManager.swift */,
				D803C9256B1275704BCA2230 /* VitaminIntelligenceService.swift */,
				DF79BF830187B3A3DD5DC2C3 /* WidgetDataService.swift */,
			);
			path = Services;
			sourceTree = "<group>";
		};
		6DF4736C92B827A6DBB4F4E5 /* Resources */ = {
			isa = PBXGroup;
			children = (
				D9C88F29AFCE74DE003FD6FD /* Info.plist */,
				EFED90B983FD838902EBC4DA /* KaleMac.entitlements */,
			);
			name = Resources;
			path = KaleMac/Resources;
			sourceTree = "<group>";
		};
		790C20FCF02253076D59BF47 /* Views */ = {
			isa = PBXGroup;
			children = (
				5947751A8E3891760751F69D /* AddVitaminView.swift */,
				08328FB908B5E5A24FCD2AC0 /* CommunityView.swift */,
				786BBD1DA6B963CF3454A7DA /* HealthInsightsView.swift */,
				19E69B74C6B1770D6CE70C8A /* MonthlyView.swift */,
				710C16DA190DDDBC9A2045C6 /* SettingsView.swift */,
				5231358D43AE5A2BAD452473 /* TodayView.swift */,
				0988A50CC5EF3FE0335904F6 /* Components */,
				00ACC599A876B69C9DBC2CE7 /* Onboarding */,
				C5B2AFA3F6A1894F3F6FF801 /* Pricing */,
			);
			path = Views;
			sourceTree = "<group>";
		};
		7B0CA406033549E8994ADFC2 /* Sources */ = {
			isa = PBXGroup;
			children = (
				087A68C24D6AD77ECA01B5EB /* App */,
				6678EB91C5B1DFA48BC12842 /* Models */,
				3B65C1652D0A40D548BD3D07 /* Resources */,
				6D6CEA5D554A8F5EA9B110CA /* Services */,
				790C20FCF02253076D59BF47 /* Views */,
			);
			path = Sources;
			sourceTree = "<group>";
		};
		7F65AF5A60B9CFE54271FC60 /* Sources */ = {
			isa = PBXGroup;
			children = (
				28E1A7C21E6CEC1B5589F522 /* KaleMacApp.swift */,
				2536B7E9B7BF3F21C40ABD7F /* MacKaleView.swift */,
			);
			name = Sources;
			path = KaleMac/Sources;
			sourceTree = "<group>";
		};
		BAFDA823C55CFD79FE277577 /* Frameworks */ = {
			isa = PBXGroup;
			children = (
				02DCF100EC88ACDA67078D7C /* EventKit.framework */,
			);
			name = Frameworks;
			sourceTree = "<group>";
		};
		C5B2AFA3F6A1894F3F6FF801 /* Pricing */ = {
			isa = PBXGroup;
			children = (
				AA168765C2B22C19C1257F3F /* PricingView.swift */,
			);
			path = Pricing;
			sourceTree = "<group>";
		};
/* End PBXGroup section */

/* Begin PBXNativeTarget section */
		678DBA7851E795B6D11BBF9F /* Kale */ = {
			isa = PBXNativeTarget;
			buildConfigurationList = 31E5AA70A82D113B33DC03D1 /* Build configuration list for PBXNativeTarget "Kale" */;
			buildPhases = (
				7A443F7BB0932E7A7DC558AF /* Sources */,
				F294EADFE01BA45E34A61991 /* Resources */,
				C3CC0CEA9C1E1646D6E88FA7 /* Frameworks */,
			);
			buildRules = (
			);
			dependencies = (
			);
			name = Kale;
			packageProductDependencies = (
				B5994D9444CAE64EC4FEB9F3 /* SQLite */,
			);
			productName = Kale;
			productReference = 9B4D13F1230773B4929BFA20 /* Kale.app */;
			productType = "com.apple.product-type.application";
		};
		6BE8AEA63CC4CF5093DF5747 /* KaleMac */ = {
			isa = PBXNativeTarget;
			buildConfigurationList = 2A77DE9D5C0F34CFF15E0186 /* Build configuration list for PBXNativeTarget "KaleMac" */;
			buildPhases = (
				E027677762858741056EC324 /* Sources */,
				B445FAF06B595FC49F08B1AC /* Frameworks */,
			);
			buildRules = (
			);
			dependencies = (
			);
			name = KaleMac;
			packageProductDependencies = (
				292504F60975114BE2AE8DC6 /* SQLite */,
			);
			productName = KaleMac;
			productReference = BAC484326A44D590575C3155 /* KaleMac.app */;
			productType = "com.apple.product-type.application";
		};
		7FB38E648EABDCC1D6670162 /* KaleTests */ = {
			isa = PBXNativeTarget;
			buildConfigurationList = D0640C500FC41B357264A360 /* Build configuration list for PBXNativeTarget "KaleTests" */;
			buildPhases = (
				5D4E050E51B96C534A6D562C /* Sources */,
			);
			buildRules = (
			);
			dependencies = (
				D7D9279CE76BBB9F44E8F951 /* PBXTargetDependency */,
			);
			name = KaleTests;
			productName = KaleTests;
			productReference = CF1341227DFA5E5D0F87DBDB /* KaleTests.xctest */;
			productType = "com.apple.product-type.bundle.unit-test";
		};
		A73D2A1E8324D17528883DEC /* KaleWidget */ = {
			isa = PBXNativeTarget;
			buildConfigurationList = C1AB761F95E0DD9562BD1891 /* Build configuration list for PBXNativeTarget "KaleWidget" */;
			buildPhases = (
				BAC1A1E1818BFB7A7927B85E /* Sources */,
			);
			buildRules = (
			);
			dependencies = (
				8D7E4FDD32F06F7582AFA903 /* PBXTargetDependency */,
			);
			name = KaleWidget;
			productName = KaleWidget;
			productReference = 3B103AA9AAADBDB9E131D36A /* KaleWidget.appex */;
			productType = "com.apple.product-type.app-extension";
		};
/* End PBXNativeTarget section */

/* Begin PBXProject section */
		2F45CFCAA93C7D96A1EAD900 /* Project object */ = {
			isa = PBXProject;
			attributes = {
				BuildIndependentTargetsInParallel = YES;
				LastUpgradeCheck = 1500;
				TargetAttributes = {
					678DBA7851E795B6D11BBF9F = {
						DevelopmentTeam = "";
						ProvisioningStyle = Automatic;
					};
					6BE8AEA63CC4CF5093DF5747 = {
						DevelopmentTeam = "";
						ProvisioningStyle = Automatic;
					};
					7FB38E648EABDCC1D6670162 = {
						DevelopmentTeam = "";
						ProvisioningStyle = Automatic;
					};
					A73D2A1E8324D17528883DEC = {
						DevelopmentTeam = "";
						ProvisioningStyle = Automatic;
					};
				};
			};
			buildConfigurationList = 73F1AAF56C956AB7BB818B9D /* Build configuration list for PBXProject "Kale" */;
			compatibilityVersion = "Xcode 14.0";
			developmentRegion = en;
			hasScannedForEncodings = 0;
			knownRegions = (
				Base,
				en,
			);
			mainGroup = 097BC8000CCCA5673320A976;
			packageReferences = (
				F0B8FBA6737804824F090C5B /* XCRemoteSwiftPackageReference "SQLite.swift" */,
			);
			projectDirPath = "";
			projectRoot = "";
			targets = (
				678DBA7851E795B6D11BBF9F /* Kale */,
				6BE8AEA63CC4CF5093DF5747 /* KaleMac */,
				7FB38E648EABDCC1D6670162 /* KaleTests */,
				A73D2A1E8324D17528883DEC /* KaleWidget */,
			);
		};
/* End PBXProject section */

/* Begin PBXResourcesBuildPhase section */
		F294EADFE01BA45E34A61991 /* Resources */ = {
			isa = PBXResourcesBuildPhase;
			buildActionMask = 2147483647;
			files = (
				FC5A89CBC3145AB1A19D513E /* Assets.xcassets in Resources */,
				6845A7919A3AD4B5EF2C328A /* BarcodeDatabase.json in Resources */,
			);
			runOnlyForDeploymentPostprocessing = 0;
		};
/* End PBXResourcesBuildPhase section */

/* Begin PBXSourcesBuildPhase section */
		5D4E050E51B96C534A6D562C /* Sources */ = {
			isa = PBXSourcesBuildPhase;
			buildActionMask = 2147483647;
			files = (
				2213E524715718B3E98EDA1F /* KaleTests.swift in Sources */,
			);
			runOnlyForDeploymentPostprocessing = 0;
		};
		7A443F7BB0932E7A7DC558AF /* Sources */ = {
			isa = PBXSourcesBuildPhase;
			buildActionMask = 2147483647;
			files = (
				E0355A6B4C9DBEF1E3F1F453 /* AddVitaminView.swift in Sources */,
				19A86739BBAF37B4EFAC0162 /* AppStoreContent.swift in Sources */,
				A96776594D7A375B4AF78333 /* BarcodeService.swift in Sources */,
				EAA887D28376EF76D260024D /* CalendarService.swift in Sources */,
				F4E5C029063A3BF1DB6786DA /* ColorExtensions.swift in Sources */,
				F8A5695AE949E0F3F79806A9 /* CommunityService.swift in Sources */,
				A32CCE2BBDAF05CD6AFA097E /* CommunityView.swift in Sources */,
				3D669CD0099F8B805BB39FD7 /* ContentView.swift in Sources */,
				45B43B9576926456A4275FC9 /* DailyLog.swift in Sources */,
				39E4A9270F3B85AC15A639B3 /* DatabaseService.swift in Sources */,
				9665DE79F1C787F3F5AB2533 /* ErrorStateViews.swift in Sources */,
				7FE3CCD0ECC9389DF3160D6D /* FamilyComparisonView.swift in Sources */,
				FC6A955C730D9810C3B21240 /* FamilyManagementView.swift in Sources */,
				BDD58ED920CE154CCEA7AB4D /* FamilyMember.swift in Sources */,
				CB255028FDEE13AD1156619B /* FamilyService.swift in Sources */,
				F7CAF5D504DD280FB455C4CD /* HealthInsightsService.swift in Sources */,
				6E1922D2700EF88EF8F57F3A /* HealthInsightsView.swift in Sources */,
				48A3253748DC3B886AAE7BAB /* InteractionHintToast.swift in Sources */,
				3C9E0458ADEE15BB65B66191 /* InteractionHints.swift in Sources */,
				80CFB490DA55AE3A7D714BAB /* KaleApp.swift in Sources */,
				FBC8F53059EA91F362503482 /* LowStockAlertView.swift in Sources */,
				BA4185F61B0D05C4480B63CB /* MonthlyView.swift in Sources */,
				01D7755129FD1A0411608CD8 /* NotificationService.swift in Sources */,
				A6905A3878AE27ED7EB8B15D /* OnboardingView.swift in Sources */,
				5C505A971A0B1B7C2507BCFB /* PricingView.swift in Sources */,
				FAF92B260D9F379C71C9D150 /* SettingsView.swift in Sources */,
				3092B276A83F2A4641CDB4B7 /* SharedComponents.swift in Sources */,
				98A2153FE406ED6FA700F371 /* SubscriptionManager.swift in Sources */,
				0B91FF992108FBF8F286E434 /* TodayView.swift in Sources */,
				188C1F3E76311711E97CC41D /* Vitamin.swift in Sources */,
				9DBBB1602FE844F284B9126E /* VitaminCard.swift in Sources */,
				150F5F87D1A7F8B4D8AB23EE /* VitaminHistoryView.swift in Sources */,
				634572440EFA73DC01D8351E /* VitaminIntelligenceService.swift in Sources */,
				87F31DD5E31AF8DDABF39B94 /* WidgetDataService.swift in Sources */,
			);
			runOnlyForDeploymentPostprocessing = 0;
		};
		BAC1A1E1818BFB7A7927B85E /* Sources */ = {
			isa = PBXSourcesBuildPhase;
			buildActionMask = 2147483647;
			files = (
				99DC0EC08288505DAF646A1B /* KaleWidget.swift in Sources */,
				EC15FF474779126ACE75481D /* KaleWidgetBundle.swift in Sources */,
			);
			runOnlyForDeploymentPostprocessing = 0;
		};
		E027677762858741056EC324 /* Sources */ = {
			isa = PBXSourcesBuildPhase;
			buildActionMask = 2147483647;
			files = (
				02E424730252B4B671CCFC5E /* KaleMacApp.swift in Sources */,
				117E1FCBBE6C977CDA65D9CF /* MacKaleView.swift in Sources */,
			);
			runOnlyForDeploymentPostprocessing = 0;
		};
/* End PBXSourcesBuildPhase section */

/* Begin PBXTargetDependency section */
		8D7E4FDD32F06F7582AFA903 /* PBXTargetDependency */ = {
			isa = PBXTargetDependency;
			target = 678DBA7851E795B6D11BBF9F /* Kale */;
			targetProxy = ADCB9DF100B41FC937A656F3 /* PBXContainerItemProxy */;
		};
		D7D9279CE76BBB9F44E8F951 /* PBXTargetDependency */ = {
			isa = PBXTargetDependency;
			target = 678DBA7851E795B6D11BBF9F /* Kale */;
			targetProxy = BCCC10C97D951CFCB89D837A /* PBXContainerItemProxy */;
		};
/* End PBXTargetDependency section */

/* Begin XCBuildConfiguration section */
		01E66033520356E1D1B46704 /* Release */ = {
			isa = XCBuildConfiguration;
			buildSettings = {
				ASSETCATALOG_COMPILER_APPICON_NAME = AppIcon;
				CODE_SIGN_ENTITLEMENTS = Sources/Resources/Kale.entitlements;
				CODE_SIGN_IDENTITY = "iPhone Developer";
				ENABLE_PREVIEWS = YES;
				FRAMEWORK_SEARCH_PATHS = (
					"$(inherited)",
					"\".\"",
				);
				INFOPLIST_FILE = Sources/Resources/Info.plist;
				LD_RUNPATH_SEARCH_PATHS = (
					"$(inherited)",
					"@executable_path/Frameworks",
				);
				PRODUCT_BUNDLE_IDENTIFIER = com.kale.app;
				SDKROOT = iphoneos;
				SUPPORTS_XR_DESIGNED_FOR_IPHONE_IPAD = NO;
				TARGETED_DEVICE_FAMILY = "1,2";
			};
			name = Release;
		};
		11BEF59C8A62D1C4ACF39327 /* Debug */ = {
			isa = XCBuildConfiguration;
			buildSettings = {
				ASSETCATALOG_COMPILER_APPICON_NAME = AppIcon;
				CODE_SIGNING_ALLOWED = NO;
				CODE_SIGNING_REQUIRED = NO;
				CODE_SIGN_ENTITLEMENTS = KaleMac/Resources/KaleMac.entitlements;
				CODE_SIGN_IDENTITY = "";
				COMBINE_HIDPI_IMAGES = YES;
				CURRENT_PROJECT_VERSION = 1;
				DEVELOPMENT_TEAM = "";
				ENABLE_HARDENED_RUNTIME = NO;
				INFOPLIST_FILE = KaleMac/Resources/Info.plist;
				LD_RUNPATH_SEARCH_PATHS = (
					"$(inherited)",
					"@executable_path/../Frameworks",
				);
				MACOSX_DEPLOYMENT_TARGET = 14.0;
				MARKETING_VERSION = 1.0.0;
				PRODUCT_BUNDLE_IDENTIFIER = com.kale.app.macos;
				SDKROOT = macosx;
				SWIFT_VERSION = 5.9;
				TARGETED_DEVICE_FAMILY = 2;
			};
			name = Debug;
		};
		15A297E8E26C7C292CF04D7F /* Release */ = {
			isa = XCBuildConfiguration;
			buildSettings = {
				ALWAYS_SEARCH_USER_PATHS = NO;
				CLANG_ANALYZER_NONNULL = YES;
				CLANG_ANALYZER_NUMBER_OBJECT_CONVERSION = YES_AGGRESSIVE;
				CLANG_CXX_LANGUAGE_STANDARD = "gnu++14";
				CLANG_CXX_LIBRARY = "libc++";
				CLANG_ENABLE_MODULES = YES;
				CLANG_ENABLE_OBJC_ARC = YES;
				CLANG_ENABLE_OBJC_WEAK = YES;
				CLANG_WARN_BLOCK_CAPTURE_AUTORELEASING = YES;
				CLANG_WARN_BOOL_CONVERSION = YES;
				CLANG_WARN_COMMA = YES;
				CLANG_WARN_CONSTANT_CONVERSION = YES;
				CLANG_WARN_DEPRECATED_OBJC_IMPLEMENTATIONS = YES;
				CLANG_WARN_DIRECT_OBJC_ISA_USAGE = YES_ERROR;
				CLANG_WARN_DOCUMENTATION_COMMENTS = YES;
				CLANG_WARN_EMPTY_BODY = YES;
				CLANG_WARN_ENUM_CONVERSION = YES;
				CLANG_WARN_INFINITE_RECURSION = YES;
				CLANG_WARN_INT_CONVERSION = YES;
				CLANG_WARN_NON_LITERAL_NULL_CONVERSION = YES;
				CLANG_WARN_OBJC_IMPLICIT_RETAIN_SELF = YES;
				CLANG_WARN_OBJC_LITERAL_CONVERSION = YES;
				CLANG_WARN_OBJC_ROOT_CLASS = YES_ERROR;
				CLANG_WARN_QUOTED_INCLUDE_IN_FRAMEWORK_HEADER = YES;
				CLANG_WARN_RANGE_LOOP_ANALYSIS = YES;
				CLANG_WARN_STRICT_PROTOTYPES = YES;
				CLANG_WARN_SUSPICIOUS_MOVE = YES;
				CLANG_WARN_UNGUARDED_AVAILABILITY = YES_AGGRESSIVE;
				CLANG_WARN_UNREACHABLE_CODE = YES;
				CLANG_WARN__DUPLICATE_METHOD_MATCH = YES;
				CODE_SIGN_STYLE = Automatic;
				COPY_PHASE_STRIP = NO;
				CURRENT_PROJECT_VERSION = 1;
				DEBUG_INFORMATION_FORMAT = "dwarf-with-dsym";
				DEVELOPMENT_TEAM = "";
				ENABLE_NS_ASSERTIONS = NO;
				ENABLE_STRICT_OBJC_MSGSEND = YES;
				GCC_C_LANGUAGE_STANDARD = gnu11;
				GCC_NO_COMMON_BLOCKS = YES;
				GCC_WARN_64_TO_32_BIT_CONVERSION = YES;
				GCC_WARN_ABOUT_RETURN_TYPE = YES_ERROR;
				GCC_WARN_UNDECLARED_SELECTOR = YES;
				GCC_WARN_UNINITIALIZED_AUTOS = YES_AGGRESSIVE;
				GCC_WARN_UNUSED_FUNCTION = YES;
				GCC_WARN_UNUSED_VARIABLE = YES;
				IPHONEOS_DEPLOYMENT_TARGET = 26.0;
				MARKETING_VERSION = 1.0.0;
				MTL_ENABLE_DEBUG_INFO = NO;
				MTL_FAST_MATH = YES;
				PRODUCT_NAME = "$(TARGET_NAME)";
				SWIFT_COMPILATION_MODE = wholemodule;
				SWIFT_OPTIMIZATION_LEVEL = "-O";
				SWIFT_VERSION = 5.9;
			};
			name = Release;
		};
		177B2F61089A9AF08D5E1EAB /* Debug */ = {
			isa = XCBuildConfiguration;
			buildSettings = {
				ASSETCATALOG_COMPILER_WIDGET_BACKGROUND_COLOR_NAME = WidgetBackground;
				CODE_SIGN_ENTITLEMENTS = Sources/Widgets/KaleWidget.entitlements;
				INFOPLIST_FILE = Sources/Widgets/Info.plist;
				LD_RUNPATH_SEARCH_PATHS = (
					"$(inherited)",
					"@executable_path/Frameworks",
					"@executable_path/../../Frameworks",
				);
				PRODUCT_BUNDLE_IDENTIFIER = com.kale.app.widget;
				SDKROOT = iphoneos;
				SKIP_INSTALL = YES;
				TARGETED_DEVICE_FAMILY = "1,2";
			};
			name = Debug;
		};
		2C376BC0139E83B258EEFA4F /* Debug */ = {
			isa = XCBuildConfiguration;
			buildSettings = {
				ASSETCATALOG_COMPILER_APPICON_NAME = AppIcon;
				CODE_SIGN_ENTITLEMENTS = Sources/Resources/Kale.entitlements;
				CODE_SIGN_IDENTITY = "iPhone Developer";
				ENABLE_PREVIEWS = YES;
				FRAMEWORK_SEARCH_PATHS = (
					"$(inherited)",
					"\".\"",
				);
				INFOPLIST_FILE = Sources/Resources/Info.plist;
				LD_RUNPATH_SEARCH_PATHS = (
					"$(inherited)",
					"@executable_path/Frameworks",
				);
				PRODUCT_BUNDLE_IDENTIFIER = com.kale.app;
				SDKROOT = iphoneos;
				SUPPORTS_XR_DESIGNED_FOR_IPHONE_IPAD = NO;
				TARGETED_DEVICE_FAMILY = "1,2";
			};
			name = Debug;
		};
		4CEEBD9D8BE597FE2962F39C /* Release */ = {
			isa = XCBuildConfiguration;
			buildSettings = {
				ASSETCATALOG_COMPILER_WIDGET_BACKGROUND_COLOR_NAME = WidgetBackground;
				CODE_SIGN_ENTITLEMENTS = Sources/Widgets/KaleWidget.entitlements;
				INFOPLIST_FILE = Sources/Widgets/Info.plist;
				LD_RUNPATH_SEARCH_PATHS = (
					"$(inherited)",
					"@executable_path/Frameworks",
					"@executable_path/../../Frameworks",
				);
				PRODUCT_BUNDLE_IDENTIFIER = com.kale.app.widget;
				SDKROOT = iphoneos;
				SKIP_INSTALL = YES;
				TARGETED_DEVICE_FAMILY = "1,2";
			};
			name = Release;
		};
		52F26C2D870545D91A2F674B /* Debug */ = {
			isa = XCBuildConfiguration;
			buildSettings = {
				BUNDLE_LOADER = "$(TEST_HOST)";
				INFOPLIST_FILE = SourcesTests/Info.plist;
				LD_RUNPATH_SEARCH_PATHS = (
					"$(inherited)",
					"@executable_path/Frameworks",
					"@loader_path/Frameworks",
				);
				PRODUCT_BUNDLE_IDENTIFIER = com.kale.app.tests;
				SDKROOT = iphoneos;
				TARGETED_DEVICE_FAMILY = "1,2";
				TEST_HOST = "$(BUILT_PRODUCTS_DIR)/Kale.app/Kale";
			};
			name = Debug;
		};
		9A6AA92343646F30CAA2AA54 /* Release */ = {
			isa = XCBuildConfiguration;
			buildSettings = {
				ASSETCATALOG_COMPILER_APPICON_NAME = AppIcon;
				CODE_SIGNING_ALLOWED = NO;
				CODE_SIGNING_REQUIRED = NO;
				CODE_SIGN_ENTITLEMENTS = KaleMac/Resources/KaleMac.entitlements;
				CODE_SIGN_IDENTITY = "";
				COMBINE_HIDPI_IMAGES = YES;
				CURRENT_PROJECT_VERSION = 1;
				DEVELOPMENT_TEAM = "";
				ENABLE_HARDENED_RUNTIME = NO;
				INFOPLIST_FILE = KaleMac/Resources/Info.plist;
				LD_RUNPATH_SEARCH_PATHS = (
					"$(inherited)",
					"@executable_path/../Frameworks",
				);
				MACOSX_DEPLOYMENT_TARGET = 14.0;
				MARKETING_VERSION = 1.0.0;
				PRODUCT_BUNDLE_IDENTIFIER = com.kale.app.macos;
				SDKROOT = macosx;
				SWIFT_VERSION = 5.9;
				TARGETED_DEVICE_FAMILY = 2;
			};
			name = Release;
		};
		CD4473CFECDE1A2F53CE046B /* Debug */ = {
			isa = XCBuildConfiguration;
			buildSettings = {
				ALWAYS_SEARCH_USER_PATHS = NO;
				CLANG_ANALYZER_NONNULL = YES;
				CLANG_ANALYZER_NUMBER_OBJECT_CONVERSION = YES_AGGRESSIVE;
				CLANG_CXX_LANGUAGE_STANDARD = "gnu++14";
				CLANG_CXX_LIBRARY = "libc++";
				CLANG_ENABLE_MODULES = YES;
				CLANG_ENABLE_OBJC_ARC = YES;
				CLANG_ENABLE_OBJC_WEAK = YES;
				CLANG_WARN_BLOCK_CAPTURE_AUTORELEASING = YES;
				CLANG_WARN_BOOL_CONVERSION = YES;
				CLANG_WARN_COMMA = YES;
				CLANG_WARN_CONSTANT_CONVERSION = YES;
				CLANG_WARN_DEPRECATED_OBJC_IMPLEMENTATIONS = YES;
				CLANG_WARN_DIRECT_OBJC_ISA_USAGE = YES_ERROR;
				CLANG_WARN_DOCUMENTATION_COMMENTS = YES;
				CLANG_WARN_EMPTY_BODY = YES;
				CLANG_WARN_ENUM_CONVERSION = YES;
				CLANG_WARN_INFINITE_RECURSION = YES;
				CLANG_WARN_INT_CONVERSION = YES;
				CLANG_WARN_NON_LITERAL_NULL_CONVERSION = YES;
				CLANG_WARN_OBJC_IMPLICIT_RETAIN_SELF = YES;
				CLANG_WARN_OBJC_LITERAL_CONVERSION = YES;
				CLANG_WARN_OBJC_ROOT_CLASS = YES_ERROR;
				CLANG_WARN_QUOTED_INCLUDE_IN_FRAMEWORK_HEADER = YES;
				CLANG_WARN_RANGE_LOOP_ANALYSIS = YES;
				CLANG_WARN_STRICT_PROTOTYPES = YES;
				CLANG_WARN_SUSPICIOUS_MOVE = YES;
				CLANG_WARN_UNGUARDED_AVAILABILITY = YES_AGGRESSIVE;
				CLANG_WARN_UNREACHABLE_CODE = YES;
				CLANG_WARN__DUPLICATE_METHOD_MATCH = YES;
				CODE_SIGN_STYLE = Automatic;
				COPY_PHASE_STRIP = NO;
				CURRENT_PROJECT_VERSION = 1;
				DEBUG_INFORMATION_FORMAT = dwarf;
				DEVELOPMENT_TEAM = "";
				ENABLE_STRICT_OBJC_MSGSEND = YES;
				ENABLE_TESTABILITY = YES;
				GCC_C_LANGUAGE_STANDARD = gnu11;
				GCC_DYNAMIC_NO_PIC = NO;
				GCC_NO_COMMON_BLOCKS = YES;
				GCC_OPTIMIZATION_LEVEL = 0;
				GCC_PREPROCESSOR_DEFINITIONS = (
					"$(inherited)",
					"DEBUG=1",
				);
				GCC_WARN_64_TO_32_BIT_CONVERSION = YES;
				GCC_WARN_ABOUT_RETURN_TYPE = YES_ERROR;
				GCC_WARN_UNDECLARED_SELECTOR = YES;
				GCC_WARN_UNINITIALIZED_AUTOS = YES_AGGRESSIVE;
				GCC_WARN_UNUSED_FUNCTION = YES;
				GCC_WARN_UNUSED_VARIABLE = YES;
				IPHONEOS_DEPLOYMENT_TARGET = 26.0;
				MARKETING_VERSION = 1.0.0;
				MTL_ENABLE_DEBUG_INFO = INCLUDE_SOURCE;
				MTL_FAST_MATH = YES;
				ONLY_ACTIVE_ARCH = YES;
				PRODUCT_NAME = "$(TARGET_NAME)";
				SWIFT_ACTIVE_COMPILATION_CONDITIONS = DEBUG;
				SWIFT_OPTIMIZATION_LEVEL = "-Onone";
				SWIFT_VERSION = 5.9;
			};
			name = Debug;
		};
		CFE1857E17B3E83AA9E35028 /* Release */ = {
			isa = XCBuildConfiguration;
			buildSettings = {
				BUNDLE_LOADER = "$(TEST_HOST)";
				INFOPLIST_FILE = SourcesTests/Info.plist;
				LD_RUNPATH_SEARCH_PATHS = (
					"$(inherited)",
					"@executable_path/Frameworks",
					"@loader_path/Frameworks",
				);
				PRODUCT_BUNDLE_IDENTIFIER = com.kale.app.tests;
				SDKROOT = iphoneos;
				TARGETED_DEVICE_FAMILY = "1,2";
				TEST_HOST = "$(BUILT_PRODUCTS_DIR)/Kale.app/Kale";
			};
			name = Release;
		};
/* End XCBuildConfiguration section */

/* Begin XCConfigurationList section */
		2A77DE9D5C0F34CFF15E0186 /* Build configuration list for PBXNativeTarget "KaleMac" */ = {
			isa = XCConfigurationList;
			buildConfigurations = (
				11BEF59C8A62D1C4ACF39327 /* Debug */,
				9A6AA92343646F30CAA2AA54 /* Release */,
			);
			defaultConfigurationIsVisible = 0;
			defaultConfigurationName = Debug;
		};
		31E5AA70A82D113B33DC03D1 /* Build configuration list for PBXNativeTarget "Kale" */ = {
			isa = XCConfigurationList;
			buildConfigurations = (
				2C376BC0139E83B258EEFA4F /* Debug */,
				01E66033520356E1D1B46704 /* Release */,
			);
			defaultConfigurationIsVisible = 0;
			defaultConfigurationName = Debug;
		};
		73F1AAF56C956AB7BB818B9D /* Build configuration list for PBXProject "Kale" */ = {
			isa = XCConfigurationList;
			buildConfigurations = (
				CD4473CFECDE1A2F53CE046B /* Debug */,
				15A297E8E26C7C292CF04D7F /* Release */,
			);
			defaultConfigurationIsVisible = 0;
			defaultConfigurationName = Debug;
		};
		C1AB761F95E0DD9562BD1891 /* Build configuration list for PBXNativeTarget "KaleWidget" */ = {
			isa = XCConfigurationList;
			buildConfigurations = (
				177B2F61089A9AF08D5E1EAB /* Debug */,
				4CEEBD9D8BE597FE2962F39C /* Release */,
			);
			defaultConfigurationIsVisible = 0;
			defaultConfigurationName = Debug;
		};
		D0640C500FC41B357264A360 /* Build configuration list for PBXNativeTarget "KaleTests" */ = {
			isa = XCConfigurationList;
			buildConfigurations = (
				52F26C2D870545D91A2F674B /* Debug */,
				CFE1857E17B3E83AA9E35028 /* Release */,
			);
			defaultConfigurationIsVisible = 0;
			defaultConfigurationName = Debug;
		};
/* End XCConfigurationList section */

/* Begin XCRemoteSwiftPackageReference section */
		F0B8FBA6737804824F090C5B /* XCRemoteSwiftPackageReference "SQLite.swift" */ = {
			isa = XCRemoteSwiftPackageReference;
			repositoryURL = "https://github.com/stephencelis/SQLite.swift";
			requirement = {
				kind = upToNextMajorVersion;
				minimumVersion = 0.15.0;
			};
		};
/* End XCRemoteSwiftPackageReference section */

/* Begin XCSwiftPackageProductDependency section */
		292504F60975114BE2AE8DC6 /* SQLite */ = {
			isa = XCSwiftPackageProductDependency;
			package = F0B8FBA6737804824F090C5B /* XCRemoteSwiftPackageReference "SQLite.swift" */;
			productName = SQLite;
		};
		B5994D9444CAE64EC4FEB9F3 /* SQLite */ = {
			isa = XCSwiftPackageProductDependency;
			package = F0B8FBA6737804824F090C5B /* XCRemoteSwiftPackageReference "SQLite.swift" */;
			productName = SQLite;
		};
/* End XCSwiftPackageProductDependency section */
	};
	rootObject = 2F45CFCAA93C7D96A1EAD900 /* Project object */;
}
